
Microsoft Visual Studio Solution File, Format Version 12.00
# Visual Studio Version 16
VisualStudioVersion = 16.0.30330.147
MinimumVisualStudioVersion = 10.0.40219.1
Project("{FAE04EC0-301F-11D3-BF4B-00C04F79EFBC}") = "ProcMan", "ProcMan\ProcMan.csproj", "{1BDD5EA2-8638-474E-8C78-DADA84EC3FAF}"
EndProject
Global
	GlobalSection(SolutionConfigurationPlatforms) = preSolution
		Debug|Any CPU = Debug|Any CPU
		Release|Any CPU = Release|Any CPU
	EndGlobalSection
	GlobalSection(ProjectConfigurationPlatforms) = postSolution
		{1BDD5EA2-8638-474E-8C78-DADA84EC3FAF}.Debug|Any CPU.ActiveCfg = Debug|Any CPU
		{1BDD5EA2-8638-474E-8C78-DADA84EC3FAF}.Debug|Any CPU.Build.0 = Debug|Any CPU
		{1BDD5EA2-8638-474E-8C78-DADA84EC3FAF}.Release|Any CPU.ActiveCfg = Release|Any CPU
		{1BDD5EA2-8638-474E-8C78-DADA84EC3FAF}.Release|Any CPU.Build.0 = Release|Any CPU
	EndGlobalSection
	GlobalSection(SolutionProperties) = preSolution
		HideSolutionNode = FALSE
	EndGlobalSection
	GlobalSection(ExtensibilityGlobals) = postSolution
		SolutionGuid = {6C77129F-2300-4CD9-B7E3-180B79346FE5}
	EndGlobalSection
EndGlobal
