<?xml version="1.0" encoding="utf-8"?>
<Project ToolsVersion="4.0" xmlns="http://schemas.microsoft.com/developer/msbuild/2003">
  <ItemGroup>
    <Filter Include="Source Files">
      <UniqueIdentifier>{4FC737F1-C7A5-4376-A066-2A32D752A2FF}</UniqueIdentifier>
      <Extensions>cpp;c;cc;cxx;c++;cppm;ixx;def;odl;idl;hpj;bat;asm;asmx</Extensions>
    </Filter>
    <Filter Include="Header Files">
      <UniqueIdentifier>{93995380-89BD-4b04-88EB-625FBE52EBFB}</UniqueIdentifier>
      <Extensions>h;hh;hpp;hxx;h++;hm;inl;inc;ipp;xsd</Extensions>
    </Filter>
    <Filter Include="Resource Files">
      <UniqueIdentifier>{67DA6AB6-F800-4c08-8B7A-83BB121AAD01}</UniqueIdentifier>
      <Extensions>rc;ico;cur;bmp;dlg;rc2;rct;bin;rgs;gif;jpg;jpeg;jpe;resx;tiff;tif;png;wav;mfcribbon-ms</Extensions>
    </Filter>
    <Filter Include="Source Files\Server">
      <UniqueIdentifier>{ed273d15-ae50-4c33-8799-ea5cb97c6291}</UniqueIdentifier>
    </Filter>
    <Filter Include="Header Files\Server">
      <UniqueIdentifier>{75413490-0adc-42d2-a22a-5b2342311661}</UniqueIdentifier>
    </Filter>
  </ItemGroup>
  <ItemGroup>
    <ClCompile Include="main.cpp">
      <Filter>Source Files</Filter>
    </ClCompile>
    <ClCompile Include="Server.cpp">
      <Filter>Source Files\Server</Filter>
    </ClCompile>
    <ClCompile Include="WSAInitializer.cpp">
      <Filter>Source Files\Server</Filter>
    </ClCompile>
    <ClCompile Include="Communicator.cpp">
      <Filter>Source Files</Filter>
    </ClCompile>
    <ClCompile Include="Sniffer.cpp">
      <Filter>Source Files</Filter>
    </ClCompile>
    <ClCompile Include="HandleHelp.cpp">
      <Filter>Source Files\Server</Filter>
    </ClCompile>
    <ClCompile Include="DataAccess.cpp">
      <Filter>Source Files</Filter>
    </ClCompile>
    <ClCompile Include="upTime.cpp">
      <Filter>Source Files</Filter>
    </ClCompile>
    <ClCompile Include="tcpSegments.cpp">
      <Filter>Source Files</Filter>
    </ClCompile>
    <ClCompile Include="helpCPU.cpp">
      <Filter>Source Files</Filter>
    </ClCompile>
  </ItemGroup>
  <ItemGroup>
    <ClInclude Include="Server.h">
      <Filter>Header Files\Server</Filter>
    </ClInclude>
    <ClInclude Include="WSAInitializer.h">
      <Filter>Header Files\Server</Filter>
    </ClInclude>
    <ClInclude Include="Communicator.h">
      <Filter>Header Files</Filter>
    </ClInclude>
    <ClInclude Include="stdafx.h">
      <Filter>Header Files</Filter>
    </ClInclude>
    <ClInclude Include="Sniffer.h">
      <Filter>Header Files</Filter>
    </ClInclude>
    <ClInclude Include="HandlerHelp.h">
      <Filter>Header Files\Server</Filter>
    </ClInclude>
    <ClInclude Include="msgCodes.h">
      <Filter>Header Files\Server</Filter>
    </ClInclude>
    <ClInclude Include="DataAccess.h">
      <Filter>Header Files</Filter>
    </ClInclude>
    <ClInclude Include="helpCPU.h">
      <Filter>Header Files</Filter>
    </ClInclude>
    <ClInclude Include="tcpSegments.h">
      <Filter>Header Files</Filter>
    </ClInclude>
    <ClInclude Include="upTime.h">
      <Filter>Header Files</Filter>
    </ClInclude>
  </ItemGroup>
</Project>